
Microsoft Visual Studio Solution File, Format Version 12.00
# Visual Studio 15
VisualStudioVersion = 15.0.28307.168
MinimumVisualStudioVersion = 10.0.40219.1
Project("{FAE04EC0-301F-11D3-BF4B-00C04F79EFBC}") = "HVM", "HVM\HVM.csproj", "{FAAE0D7A-CC49-4B9B-8120-80B224D8021A}"
EndProject
Global
	GlobalSection(SolutionConfigurationPlatforms) = preSolution
		Debug|Any CPU = Debug|Any CPU
		Release|Any CPU = Release|Any CPU
	EndGlobalSection
	GlobalSection(ProjectConfigurationPlatforms) = postSolution
		{FAAE0D7A-CC49-4B9B-8120-80B224D8021A}.Debug|Any CPU.ActiveCfg = Debug|Any CPU
		{FAAE0D7A-CC49-4B9B-8120-80B224D8021A}.Debug|Any CPU.Build.0 = Debug|Any CPU
		{FAAE0D7A-CC49-4B9B-8120-80B224D8021A}.Release|Any CPU.ActiveCfg = Release|Any CPU
		{FAAE0D7A-CC49-4B9B-8120-80B224D8021A}.Release|Any CPU.Build.0 = Release|Any CPU
	EndGlobalSection
	GlobalSection(SolutionProperties) = preSolution
		HideSolutionNode = FALSE
	EndGlobalSection
	GlobalSection(ExtensibilityGlobals) = postSolution
		SolutionGuid = {F071D52C-48C3-4D61-B3E2-27EA5D444150}
	EndGlobalSection
EndGlobal
